{
  "lib/forge-std": {
    "branch": {
      "name": "master",
      "rev": "6bce1540c7a5d1c40eec032a1ae16f0e01f82b92"
    }
  },
  "lib/openzeppelin-contracts": {
    "branch": {
      "name": "v4.9.5",
      "rev": "bd325d56b4c62c9c5c1aff048c37c6bb18ac0290"
    }
  },
  "lib/tokenized-strategy": {
    "rev": "82806289f967590c4efbf6bc3d237e4e7f0a0966"
  },
  "lib/tokenized-strategy-periphery": {
    "rev": "3624e0421d1765997a6e6751a4bd086ab69cfe02"
  },
  "lib/flex-contracts": {
    "branch": {
      "name": "master",
      "rev": "6c3a6e106668946efec061587d2ac85efc05d1eb"
    }
  }
}